// !$*UTF8*$!
{
	archiveVersion = 1;
	classes = {
	};
	objectVersion = 46;
	objects = {

/* Begin PBXBuildFile section */
		C09DE4021B35EFB6000F7160 /* AppDelegate.swift in Sources */ = {isa = PBXBuildFile; fileRef = C09DE4011B35EFB6000F7160 /* AppDelegate.swift */; };
		C09DE4041B35EFB6000F7160 /* ViewController.swift in Sources */ = {isa = PBXBuildFile; fileRef = C09DE4031B35EFB6000F7160 /* ViewController.swift */; };
		C09DE4071B35EFB6000F7160 /* Main.storyboard in Resources */ = {isa = PBXBuildFile; fileRef = C09DE4051B35EFB6000F7160 /* Main.storyboard */; };
		C09DE4091B35EFB6000F7160 /* Images.xcassets in Resources */ = {isa = PBXBuildFile; fileRef = C09DE4081B35EFB6000F7160 /* Images.xcassets */; };
		C09DE40C1B35EFB6000F7160 /* LaunchScreen.xib in Resources */ = {isa = PBXBuildFile; fileRef = C09DE40A1B35EFB6000F7160 /* LaunchScreen.xib */; };
		C09DE4181B35EFB6000F7160 /* DatePicker2Tests.swift in Sources */ = {isa = PBXBuildFile; fileRef = C09DE4171B35EFB6000F7160 /* DatePicker2Tests.swift */; };
/* End PBXBuildFile section */

/* Begin PBXContainerItemProxy section */
		C09DE4121B35EFB6000F7160 /* PBXContainerItemProxy */ = {
			isa = PBXContainerItemProxy;
			containerPortal = C09DE3F41B35EFB6000F7160 /* Project object */;
			proxyType = 1;
			remoteGlobalIDString = C09DE3FB1B35EFB6000F7160;
			remoteInfo = DatePicker2;
		};
/* End PBXContainerItemProxy section */

/* Begin PBXFileReference section */
		C09DE3FC1B35EFB6000F7160 /* DatePicker2.app */ = {isa = PBXFileReference; explicitFileType = wrapper.application; includeInIndex = 0; path = DatePicker2.app; sourceTree = BUILT_PRODUCTS_DIR; };
		C09DE4001B35EFB6000F7160 /* Info.plist */ = {isa = PBXFileReference; lastKnownFileType = text.plist.xml; path = Info.plist; sourceTree = "<group>"; };
		C09DE4011B35EFB6000F7160 /* AppDelegate.swift */ = {isa = PBXFileReference; lastKnownFileType = sourcecode.swift; path = AppDelegate.swift; sourceTree = "<group>"; };
		C09DE4031B35EFB6000F7160 /* ViewController.swift */ = {isa = PBXFileReference; lastKnownFileType = sourcecode.swift; path = ViewController.swift; sourceTree = "<group>"; };
		C09DE4061B35EFB6000F7160 /* Base */ = {isa = PBXFileReference; lastKnownFileType = file.storyboard; name = Base; path = Base.lproj/Main.storyboard; sourceTree = "<group>"; };
		C09DE4081B35EFB6000F7160 /* Images.xcassets */ = {isa = PBXFileReference; lastKnownFileType = folder.assetcatalog; path = Images.xcassets; sourceTree = "<group>"; };
		C09DE40B1B35EFB6000F7160 /* Base */ = {isa = PBXFileReference; lastKnownFileType = file.xib; name = Base; path = Base.lproj/LaunchScreen.xib; sourceTree = "<group>"; };
		C09DE4111B35EFB6000F7160 /* DatePicker2Tests.xctest */ = {isa = PBXFileReference; explicitFileType = wrapper.cfbundle; includeInIndex = 0; path = DatePicker2Tests.xctest; sourceTree = BUILT_PRODUCTS_DIR; };
		C09DE4161B35EFB6000F7160 /* Info.plist */ = {isa = PBXFileReference; lastKnownFileType = text.plist.xml; path = Info.plist; sourceTree = "<group>"; };
		C09DE4171B35EFB6000F7160 /* DatePicker2Tests.swift */ = {isa = PBXFileReference; lastKnownFileType = sourcecode.swift; path = DatePicker2Tests.swift; sourceTree = "<group>"; };
/* End PBXFileReference section */

/* Begin PBXFrameworksBuildPhase section */
		C09DE3F91B35EFB6000F7160 /* Frameworks */ = {
			isa = PBXFrameworksBuildPhase;
			buildActionMask = 2147483647;
			files = (
			);
			runOnlyForDeploymentPostprocessing = 0;
		};
		C09DE40E1B35EFB6000F7160 /* Frameworks */ = {
			isa = PBXFrameworksBuildPhase;
			buildActionMask = 2147483647;
			files = (
			);
			runOnlyForDeploymentPostprocessing = 0;
		};
/* End PBXFrameworksBuildPhase section */

/* Begin PBXGroup section */
		C09DE3F31B35EFB6000F7160 = {
			isa = PBXGroup;
			children = (
				C09DE3FE1B35EFB6000F7160 /* DatePicker2 */,
				C09DE4141B35EFB6000F7160 /* DatePicker2Tests */,
				C09DE3FD1B35EFB6000F7160 /* Products */,
			);
			sourceTree = "<group>";
		};
		C09DE3FD1B35EFB6000F7160 /* Products */ = {
			isa = PBXGroup;
			children = (
				C09DE3FC1B35EFB6000F7160 /* DatePicker2.app */,
				C09DE4111B35EFB6000F7160 /* DatePicker2Tests.xctest */,
			);
			name = Products;
			sourceTree = "<group>";
		};
		C09DE3FE1B35EFB6000F7160 /* DatePicker2 */ = {
			isa = PBXGroup;
			children = (
				C09DE4011B35EFB6000F7160 /* AppDelegate.swift */,
				C09DE4031B35EFB6000F7160 /* ViewController.swift */,
				C09DE4051B35EFB6000F7160 /* Main.storyboard */,
				C09DE4081B35EFB6000F7160 /* Images.xcassets */,
				C09DE40A1B35EFB6000F7160 /* LaunchScreen.xib */,
				C09DE3FF1B35EFB6000F7160 /* Supporting Files */,
			);
			path = DatePicker2;
			sourceTree = "<group>";
		};
		C09DE3FF1B35EFB6000F7160 /* Supporting Files */ = {
			isa = PBXGroup;
			children = (
				C09DE4001B35EFB6000F7160 /* Info.plist */,
			);
			name = "Supporting Files";
			sourceTree = "<group>";
		};
		C09DE4141B35EFB6000F7160 /* DatePicker2Tests */ = {
			isa = PBXGroup;
			children = (
				C09DE4171B35EFB6000F7160 /* DatePicker2Tests.swift */,
				C09DE4151B35EFB6000F7160 /* Supporting Files */,
			);
			path = DatePicker2Tests;
			sourceTree = "<group>";
		};
		C09DE4151B35EFB6000F7160 /* Supporting Files */ = {
			isa = PBXGroup;
			children = (
				C09DE4161B35EFB6000F7160 /* Info.plist */,
			);
			name = "Supporting Files";
			sourceTree = "<group>";
		};
/* End PBXGroup section */

/* Begin PBXNativeTarget section */
		C09DE3FB1B35EFB6000F7160 /* DatePicker2 */ = {
			isa = PBXNativeTarget;
			buildConfigurationList = C09DE41B1B35EFB6000F7160 /* Build configuration list for PBXNativeTarget "DatePicker2" */;
			buildPhases = (
				C09DE3F81B35EFB6000F7160 /* Sources */,
				C09DE3F91B35EFB6000F7160 /* Frameworks */,
				C09DE3FA1B35EFB6000F7160 /* Resources */,
			);
			buildRules = (
			);
			dependencies = (
			);
			name = DatePicker2;
			productName = DatePicker2;
			productReference = C09DE3FC1B35EFB6000F7160 /* DatePicker2.app */;
			productType = "com.apple.product-type.application";
		};
		C09DE4101B35EFB6000F7160 /* DatePicker2Tests */ = {
			isa = PBXNativeTarget;
			buildConfigurationList = C09DE41E1B35EFB6000F7160 /* Build configuration list for PBXNativeTarget "DatePicker2Tests" */;
			buildPhases = (
				C09DE40D1B35EFB6000F7160 /* Sources */,
				C09DE40E1B35EFB6000F7160 /* Frameworks */,
				C09DE40F1B35EFB6000F7160 /* Resources */,
			);
			buildRules = (
			);
			dependencies = (
				C09DE4131B35EFB6000F7160 /* PBXTargetDependency */,
			);
			name = DatePicker2Tests;
			productName = DatePicker2Tests;
			productReference = C09DE4111B35EFB6000F7160 /* DatePicker2Tests.xctest */;
			productType = "com.apple.product-type.bundle.unit-test";
		};
/* End PBXNativeTarget section */

/* Begin PBXProject section */
		C09DE3F41B35EFB6000F7160 /* Project object */ = {
			isa = PBXProject;
			attributes = {
				LastUpgradeCheck = 0630;
				ORGANIZATIONNAME = "矢吹祐真";
				TargetAttributes = {
					C09DE3FB1B35EFB6000F7160 = {
						CreatedOnToolsVersion = 6.3.1;
					};
					C09DE4101B35EFB6000F7160 = {
						CreatedOnToolsVersion = 6.3.1;
						TestTargetID = C09DE3FB1B35EFB6000F7160;
					};
				};
			};
			buildConfigurationList = C09DE3F71B35EFB6000F7160 /* Build configuration list for PBXProject "DatePicker2" */;
			compatibilityVersion = "Xcode 3.2";
			developmentRegion = English;
			hasScannedForEncodings = 0;
			knownRegions = (
				en,
				Base,
			);
			mainGroup = C09DE3F31B35EFB6000F7160;
			productRefGroup = C09DE3FD1B35EFB6000F7160 /* Products */;
			projectDirPath = "";
			projectRoot = "";
			targets = (
				C09DE3FB1B35EFB6000F7160 /* DatePicker2 */,
				C09DE4101B35EFB6000F7160 /* DatePicker2Tests */,
			);
		};
/* End PBXProject section */

/* Begin PBXResourcesBuildPhase section */
		C09DE3FA1B35EFB6000F7160 /* Resources */ = {
			isa = PBXResourcesBuildPhase;
			buildActionMask = 2147483647;
			files = (
				C09DE4071B35EFB6000F7160 /* Main.storyboard in Resources */,
				C09DE40C1B35EFB6000F7160 /* LaunchScreen.xib in Resources */,
				C09DE4091B35EFB6000F7160 /* Images.xcassets in Resources */,
			);
			runOnlyForDeploymentPostprocessing = 0;
		};
		C09DE40F1B35EFB6000F7160 /* Resources */ = {
			isa = PBXResourcesBuildPhase;
			buildActionMask = 2147483647;
			files = (
			);
			runOnlyForDeploymentPostprocessing = 0;
		};
/* End PBXResourcesBuildPhase section */

/* Begin PBXSourcesBuildPhase section */
		C09DE3F81B35EFB6000F7160 /* Sources */ = {
			isa = PBXSourcesBuildPhase;
			buildActionMask = 2147483647;
			files = (
				C09DE4041B35EFB6000F7160 /* ViewController.swift in Sources */,
				C09DE4021B35EFB6000F7160 /* AppDelegate.swift in Sources */,
			);
			runOnlyForDeploymentPostprocessing = 0;
		};
		C09DE40D1B35EFB6000F7160 /* Sources */ = {
			isa = PBXSourcesBuildPhase;
			buildActionMask = 2147483647;
			files = (
				C09DE4181B35EFB6000F7160 /* DatePicker2Tests.swift in Sources */,
			);
			runOnlyForDeploymentPostprocessing = 0;
		};
/* End PBXSourcesBuildPhase section */

/* Begin PBXTargetDependency section */
		C09DE4131B35EFB6000F7160 /* PBXTargetDependency */ = {
			isa = PBXTargetDependency;
			target = C09DE3FB1B35EFB6000F7160 /* DatePicker2 */;
			targetProxy = C09DE4121B35EFB6000F7160 /* PBXContainerItemProxy */;
		};
/* End PBXTargetDependency section */

/* Begin PBXVariantGroup section */
		C09DE4051B35EFB6000F7160 /* Main.storyboard */ = {
			isa = PBXVariantGroup;
			children = (
				C09DE4061B35EFB6000F7160 /* Base */,
			);
			name = Main.storyboard;
			sourceTree = "<group>";
		};
		C09DE40A1B35EFB6000F7160 /* LaunchScreen.xib */ = {
			isa = PBXVariantGroup;
			children = (
				C09DE40B1B35EFB6000F7160 /* Base */,
			);
			name = LaunchScreen.xib;
			sourceTree = "<group>";
		};
/* End PBXVariantGroup section */

/* Begin XCBuildConfiguration section */
		C09DE4191B35EFB6000F7160 /* Debug */ = {
			isa = XCBuildConfiguration;
			buildSettings = {
				ALWAYS_SEARCH_USER_PATHS = NO;
				CLANG_CXX_LANGUAGE_STANDARD = "gnu++0x";
				CLANG_CXX_LIBRARY = "libc++";
				CLANG_ENABLE_MODULES = YES;
				CLANG_ENABLE_OBJC_ARC = YES;
				CLANG_WARN_BOOL_CONVERSION = YES;
				CLANG_WARN_CONSTANT_CONVERSION = YES;
				CLANG_WARN_DIRECT_OBJC_ISA_USAGE = YES_ERROR;
				CLANG_WARN_EMPTY_BODY = YES;
				CLANG_WARN_ENUM_CONVERSION = YES;
				CLANG_WARN_INT_CONVERSION = YES;
				CLANG_WARN_OBJC_ROOT_CLASS = YES_ERROR;
				CLANG_WARN_UNREACHABLE_CODE = YES;
				CLANG_WARN__DUPLICATE_METHOD_MATCH = YES;
				"CODE_SIGN_IDENTITY[sdk=iphoneos*]" = "iPhone Developer";
				COPY_PHASE_STRIP = NO;
				DEBUG_INFORMATION_FORMAT = "dwarf-with-dsym";
				ENABLE_STRICT_OBJC_MSGSEND = YES;
				GCC_C_LANGUAGE_STANDARD = gnu99;
				GCC_DYNAMIC_NO_PIC = NO;
				GCC_NO_COMMON_BLOCKS = YES;
				GCC_OPTIMIZATION_LEVEL = 0;
				GCC_PREPROCESSOR_DEFINITIONS = (
					"DEBUG=1",
					"$(inherited)",
				);
				GCC_SYMBOLS_PRIVATE_EXTERN = NO;
				GCC_WARN_64_TO_32_BIT_CONVERSION = YES;
				GCC_WARN_ABOUT_RETURN_TYPE = YES_ERROR;
				GCC_WARN_UNDECLARED_SELECTOR = YES;
				GCC_WARN_UNINITIALIZED_AUTOS = YES_AGGRESSIVE;
				GCC_WARN_UNUSED_FUNCTION = YES;
				GCC_WARN_UNUSED_VARIABLE = YES;
				IPHONEOS_DEPLOYMENT_TARGET = 8.3;
				MTL_ENABLE_DEBUG_INFO = YES;
				ONLY_ACTIVE_ARCH = YES;
				SDKROOT = iphoneos;
				SWIFT_OPTIMIZATION_LEVEL = "-Onone";
			};
			name = Debug;
		};
		C09DE41A1B35EFB6000F7160 /* Release */ = {
			isa = XCBuildConfiguration;
			buildSettings = {
				ALWAYS_SEARCH_USER_PATHS = NO;
				CLANG_CXX_LANGUAGE_STANDARD = "gnu++0x";
				CLANG_CXX_LIBRARY = "libc++";
				CLANG_ENABLE_MODULES = YES;
				CLANG_ENABLE_OBJC_ARC = YES;
				CLANG_WARN_BOOL_CONVERSION = YES;
				CLANG_WARN_CONSTANT_CONVERSION = YES;
				CLANG_WARN_DIRECT_OBJC_ISA_USAGE = YES_ERROR;
				CLANG_WARN_EMPTY_BODY = YES;
				CLANG_WARN_ENUM_CONVERSION = YES;
				CLANG_WARN_INT_CONVERSION = YES;
				CLANG_WARN_OBJC_ROOT_CLASS = YES_ERROR;
				CLANG_WARN_UNREACHABLE_CODE = YES;
				CLANG_WARN__DUPLICATE_METHOD_MATCH = YES;
				"CODE_SIGN_IDENTITY[sdk=iphoneos*]" = "iPhone Developer";
				COPY_PHASE_STRIP = NO;
				DEBUG_INFORMATION_FORMAT = "dwarf-with-dsym";
				ENABLE_NS_ASSERTIONS = NO;
				ENABLE_STRICT_OBJC_MSGSEND = YES;
				GCC_C_LANGUAGE_STANDARD = gnu99;
				GCC_NO_COMMON_BLOCKS = YES;
				GCC_WARN_64_TO_32_BIT_CONVERSION = YES;
				GCC_WARN_ABOUT_RETURN_TYPE = YES_ERROR;
				GCC_WARN_UNDECLARED_SELECTOR = YES;
				GCC_WARN_UNINITIALIZED_AUTOS = YES_AGGRESSIVE;
				GCC_WARN_UNUSED_FUNCTION = YES;
				GCC_WARN_UNUSED_VARIABLE = YES;
				IPHONEOS_DEPLOYMENT_TARGET = 8.3;
				MTL_ENABLE_DEBUG_INFO = NO;
				SDKROOT = iphoneos;
				VALIDATE_PRODUCT = YES;
			};
			name = Release;
		};
		C09DE41C1B35EFB6000F7160 /* Debug */ = {
			isa = XCBuildConfiguration;
			buildSettings = {
				ASSETCATALOG_COMPILER_APPICON_NAME = AppIcon;
				INFOPLIST_FILE = DatePicker2/Info.plist;
				LD_RUNPATH_SEARCH_PATHS = "$(inherited) @executable_path/Frameworks";
				PRODUCT_NAME = "$(TARGET_NAME)";
			};
			name = Debug;
		};
		C09DE41D1B35EFB6000F7160 /* Release */ = {
			isa = XCBuildConfiguration;
			buildSettings = {
				ASSETCATALOG_COMPILER_APPICON_NAME = AppIcon;
				INFOPLIST_FILE = DatePicker2/Info.plist;
				LD_RUNPATH_SEARCH_PATHS = "$(inherited) @executable_path/Frameworks";
				PRODUCT_NAME = "$(TARGET_NAME)";
			};
			name = Release;
		};
		C09DE41F1B35EFB6000F7160 /* Debug */ = {
			isa = XCBuildConfiguration;
			buildSettings = {
				BUNDLE_LOADER = "$(TEST_HOST)";
				FRAMEWORK_SEARCH_PATHS = (
					"$(SDKROOT)/Developer/Library/Frameworks",
					"$(inherited)",
				);
				GCC_PREPROCESSOR_DEFINITIONS = (
					"DEBUG=1",
					"$(inherited)",
				);
				INFOPLIST_FILE = DatePicker2Tests/Info.plist;
				LD_RUNPATH_SEARCH_PATHS = "$(inherited) @executable_path/Frameworks @loader_path/Frameworks";
				PRODUCT_NAME = "$(TARGET_NAME)";
				TEST_HOST = "$(BUILT_PRODUCTS_DIR)/DatePicker2.app/DatePicker2";
			};
			name = Debug;
		};
		C09DE4201B35EFB6000F7160 /* Release */ = {
			isa = XCBuildConfiguration;
			buildSettings = {
				BUNDLE_LOADER = "$(TEST_HOST)";
				FRAMEWORK_SEARCH_PATHS = (
					"$(SDKROOT)/Developer/Library/Frameworks",
					"$(inherited)",
				);
				INFOPLIST_FILE = DatePicker2Tests/Info.plist;
				LD_RUNPATH_SEARCH_PATHS = "$(inherited) @executable_path/Frameworks @loader_path/Frameworks";
				PRODUCT_NAME = "$(TARGET_NAME)";
				TEST_HOST = "$(BUILT_PRODUCTS_DIR)/DatePicker2.app/DatePicker2";
			};
			name = Release;
		};
/* End XCBuildConfiguration section */

/* Begin XCConfigurationList section */
		C09DE3F71B35EFB6000F7160 /* Build configuration list for PBXProject "DatePicker2" */ = {
			isa = XCConfigurationList;
			buildConfigurations = (
				C09DE4191B35EFB6000F7160 /* Debug */,
				C09DE41A1B35EFB6000F7160 /* Release */,
			);
			defaultConfigurationIsVisible = 0;
			defaultConfigurationName = Release;
		};
		C09DE41B1B35EFB6000F7160 /* Build configuration list for PBXNativeTarget "DatePicker2" */ = {
			isa = XCConfigurationList;
			buildConfigurations = (
				C09DE41C1B35EFB6000F7160 /* Debug */,
				C09DE41D1B35EFB6000F7160 /* Release */,
			);
			defaultConfigurationIsVisible = 0;
		};
		C09DE41E1B35EFB6000F7160 /* Build configuration list for PBXNativeTarget "DatePicker2Tests" */ = {
			isa = XCConfigurationList;
			buildConfigurations = (
				C09DE41F1B35EFB6000F7160 /* Debug */,
				C09DE4201B35EFB6000F7160 /* Release */,
			);
			defaultConfigurationIsVisible = 0;
		};
/* End XCConfigurationList section */
	};
	rootObject = C09DE3F41B35EFB6000F7160 /* Project object */;
}
